{
  "name": "mobile-seed",
  "version": "0.1.0",
  "lockfileVersion": 1,
  "requires": true,
  "dependencies": {
    "@marketconnect/vue-pivot-table": {
      "version": "0.0.1",
      "resolved": "http://registry.npm.taobao.org/@marketconnect/vue-pivot-table/download/@marketconnect/vue-pivot-table-0.0.1.tgz",
      "integrity": "sha1-dQleYlEIVTgWV5RHAgDW1JEddg8=",
      "requires": {
        "vue": "2.5.17",
        "vuedraggable": "2.16.0"
      },
      "dependencies": {
        "vue": {
          "version": "2.5.17",
          "resolved": "http://registry.npm.taobao.org/vue/download/vue-2.5.17.tgz",
          "integrity": "sha1-D4eJrXGL5oyhhyYpgy7VM1icato="
        }
      }
    },
    "sortablejs": {
      "version": "1.7.0",
      "resolved": "http://registry.npm.taobao.org/sortablejs/download/sortablejs-1.7.0.tgz",
      "integrity": "sha1-gKKyNwq9Vo4c7IwnETHvMKkE+ig="
    },
    "vuedraggable": {
      "version": "2.16.0",
      "resolved": "http://registry.npm.taobao.org/vuedraggable/download/vuedraggable-2.16.0.tgz",
      "integrity": "sha1-UhJwgaKts95fq9IU1AT/Pu5jV1o=",
      "requires": {
        "sortablejs": "1.7.0"
      }
    }
  }
}
